
Microsoft Visual Studio Solution File, Format Version 12.00
# Visual Studio Version 16
VisualStudioVersion = 16.0.29613.14
MinimumVisualStudioVersion = 10.0.40219.1
Project("{FAE04EC0-301F-11D3-BF4B-00C04F79EFBC}") = "Liftoff-ChooseYourOwnAdventure", "Liftoff-ChooseYourOwnAdventure\Liftoff-ChooseYourOwnAdventure.csproj", "{1CD04F21-6E3B-4C47-AFBD-DB2A2ED626B9}"
EndProject
Global
	GlobalSection(SolutionConfigurationPlatforms) = preSolution
		Debug|Any CPU = Debug|Any CPU
		Release|Any CPU = Release|Any CPU
	EndGlobalSection
	GlobalSection(ProjectConfigurationPlatforms) = postSolution
		{1CD04F21-6E3B-4C47-AFBD-DB2A2ED626B9}.Debug|Any CPU.ActiveCfg = Debug|Any CPU
		{1CD04F21-6E3B-4C47-AFBD-DB2A2ED626B9}.Debug|Any CPU.Build.0 = Debug|Any CPU
		{1CD04F21-6E3B-4C47-AFBD-DB2A2ED626B9}.Release|Any CPU.ActiveCfg = Release|Any CPU
		{1CD04F21-6E3B-4C47-AFBD-DB2A2ED626B9}.Release|Any CPU.Build.0 = Release|Any CPU
	EndGlobalSection
	GlobalSection(SolutionProperties) = preSolution
		HideSolutionNode = FALSE
	EndGlobalSection
	GlobalSection(ExtensibilityGlobals) = postSolution
		SolutionGuid = {FA6A0D32-5C38-439C-B6A4-04DA3344ADDB}
	EndGlobalSection
EndGlobal
